
Microsoft Visual Studio Solution File, Format Version 12.00
Project("{FAE04EC0-301F-11D3-BF4B-00C04F79EFBC}") = "WebApi", "WebApi\WebApi.csproj", "{B99AC1DE-836A-42C6-BB91-A9E74C50FDC8}"
EndProject
Project("{FAE04EC0-301F-11D3-BF4B-00C04F79EFBC}") = "Domain", "Domain\Domain.csproj", "{105A03BA-6F94-413C-930B-2B4AE94014B4}"
EndProject
Project("{FAE04EC0-301F-11D3-BF4B-00C04F79EFBC}") = "Application", "Application\Application.csproj", "{1E86FA9E-D390-4FAA-BD34-F7D62F1DBE17}"
EndProject
Project("{FAE04EC0-301F-11D3-BF4B-00C04F79EFBC}") = "Infrastructure", "Infrastructure\Infrastructure.csproj", "{FEA6CA4D-00C8-4A15-9BE9-2389601ACB6C}"
EndProject
Project("{FAE04EC0-301F-11D3-BF4B-00C04F79EFBC}") = "UnitTest", "UnitTest\UnitTest.csproj", "{3B11BB6C-09C8-4A3A-BDED-A0A499B75B71}"
EndProject
Global
	GlobalSection(SolutionConfigurationPlatforms) = preSolution
		Debug|Any CPU = Debug|Any CPU
		Release|Any CPU = Release|Any CPU
	EndGlobalSection
	GlobalSection(ProjectConfigurationPlatforms) = postSolution
		{B99AC1DE-836A-42C6-BB91-A9E74C50FDC8}.Debug|Any CPU.ActiveCfg = Debug|Any CPU
		{B99AC1DE-836A-42C6-BB91-A9E74C50FDC8}.Debug|Any CPU.Build.0 = Debug|Any CPU
		{B99AC1DE-836A-42C6-BB91-A9E74C50FDC8}.Release|Any CPU.ActiveCfg = Release|Any CPU
		{B99AC1DE-836A-42C6-BB91-A9E74C50FDC8}.Release|Any CPU.Build.0 = Release|Any CPU
		{105A03BA-6F94-413C-930B-2B4AE94014B4}.Debug|Any CPU.ActiveCfg = Debug|Any CPU
		{105A03BA-6F94-413C-930B-2B4AE94014B4}.Debug|Any CPU.Build.0 = Debug|Any CPU
		{105A03BA-6F94-413C-930B-2B4AE94014B4}.Release|Any CPU.ActiveCfg = Release|Any CPU
		{105A03BA-6F94-413C-930B-2B4AE94014B4}.Release|Any CPU.Build.0 = Release|Any CPU
		{1E86FA9E-D390-4FAA-BD34-F7D62F1DBE17}.Debug|Any CPU.ActiveCfg = Debug|Any CPU
		{1E86FA9E-D390-4FAA-BD34-F7D62F1DBE17}.Debug|Any CPU.Build.0 = Debug|Any CPU
		{1E86FA9E-D390-4FAA-BD34-F7D62F1DBE17}.Release|Any CPU.ActiveCfg = Release|Any CPU
		{1E86FA9E-D390-4FAA-BD34-F7D62F1DBE17}.Release|Any CPU.Build.0 = Release|Any CPU
		{FEA6CA4D-00C8-4A15-9BE9-2389601ACB6C}.Debug|Any CPU.ActiveCfg = Debug|Any CPU
		{FEA6CA4D-00C8-4A15-9BE9-2389601ACB6C}.Debug|Any CPU.Build.0 = Debug|Any CPU
		{FEA6CA4D-00C8-4A15-9BE9-2389601ACB6C}.Release|Any CPU.ActiveCfg = Release|Any CPU
		{FEA6CA4D-00C8-4A15-9BE9-2389601ACB6C}.Release|Any CPU.Build.0 = Release|Any CPU
		{3B11BB6C-09C8-4A3A-BDED-A0A499B75B71}.Debug|Any CPU.ActiveCfg = Debug|Any CPU
		{3B11BB6C-09C8-4A3A-BDED-A0A499B75B71}.Debug|Any CPU.Build.0 = Debug|Any CPU
		{3B11BB6C-09C8-4A3A-BDED-A0A499B75B71}.Release|Any CPU.ActiveCfg = Release|Any CPU
		{3B11BB6C-09C8-4A3A-BDED-A0A499B75B71}.Release|Any CPU.Build.0 = Release|Any CPU
	EndGlobalSection
EndGlobal
